
Microsoft Visual Studio Solution File, Format Version 12.00
# Visual Studio 2013
VisualStudioVersion = 12.0.31101.0
MinimumVisualStudioVersion = 10.0.40219.1
Project("{FAE04EC0-301F-11D3-BF4B-00C04F79EFBC}") = "ProgrammingAssignment2", "ProgrammingAssignment2\ProgrammingAssignment2\ProgrammingAssignment2.csproj", "{7917A553-B5AB-4DB5-B221-27E4DD5EA5EB}"
EndProject
Project("{96E2B04D-8817-42C6-938A-82C39BA4D311}") = "ProgrammingAssignment2Content", "ProgrammingAssignment2\ProgrammingAssignment2Content\ProgrammingAssignment2Content.contentproj", "{E38D3EE5-1543-426E-A3F6-8CE3D5C62368}"
EndProject
Global
	GlobalSection(SolutionConfigurationPlatforms) = preSolution
		Debug|x86 = Debug|x86
		Release|x86 = Release|x86
	EndGlobalSection
	GlobalSection(ProjectConfigurationPlatforms) = postSolution
		{7917A553-B5AB-4DB5-B221-27E4DD5EA5EB}.Debug|x86.ActiveCfg = Debug|x86
		{7917A553-B5AB-4DB5-B221-27E4DD5EA5EB}.Debug|x86.Build.0 = Debug|x86
		{7917A553-B5AB-4DB5-B221-27E4DD5EA5EB}.Release|x86.ActiveCfg = Release|x86
		{7917A553-B5AB-4DB5-B221-27E4DD5EA5EB}.Release|x86.Build.0 = Release|x86
		{E38D3EE5-1543-426E-A3F6-8CE3D5C62368}.Debug|x86.ActiveCfg = Debug|x86
		{E38D3EE5-1543-426E-A3F6-8CE3D5C62368}.Release|x86.ActiveCfg = Release|x86
	EndGlobalSection
	GlobalSection(SolutionProperties) = preSolution
		HideSolutionNode = FALSE
	EndGlobalSection
EndGlobal
